
Microsoft Visual Studio Solution File, Format Version 12.00
# Visual Studio Version 17
VisualStudioVersion = 17.2.32630.192
MinimumVisualStudioVersion = 10.0.40219.1
Project("{FAE04EC0-301F-11D3-BF4B-00C04F79EFBC}") = "Abstraction", "Abstraction\Abstraction.csproj", "{D5D3F294-662F-4C40-8A9A-C8B772E8F7DF}"
EndProject
Global
	GlobalSection(SolutionConfigurationPlatforms) = preSolution
		Debug|Any CPU = Debug|Any CPU
		Release|Any CPU = Release|Any CPU
	EndGlobalSection
	GlobalSection(ProjectConfigurationPlatforms) = postSolution
		{D5D3F294-662F-4C40-8A9A-C8B772E8F7DF}.Debug|Any CPU.ActiveCfg = Debug|Any CPU
		{D5D3F294-662F-4C40-8A9A-C8B772E8F7DF}.Debug|Any CPU.Build.0 = Debug|Any CPU
		{D5D3F294-662F-4C40-8A9A-C8B772E8F7DF}.Release|Any CPU.ActiveCfg = Release|Any CPU
		{D5D3F294-662F-4C40-8A9A-C8B772E8F7DF}.Release|Any CPU.Build.0 = Release|Any CPU
	EndGlobalSection
	GlobalSection(SolutionProperties) = preSolution
		HideSolutionNode = FALSE
	EndGlobalSection
	GlobalSection(ExtensibilityGlobals) = postSolution
		SolutionGuid = {EB72863F-CBB4-4CEA-9A12-66C5769058FD}
	EndGlobalSection
EndGlobal
