
Microsoft Visual Studio Solution File, Format Version 12.00
# Visual Studio Version 17
VisualStudioVersion = 17.2.32630.192
MinimumVisualStudioVersion = 10.0.40219.1
Project("{FAE04EC0-301F-11D3-BF4B-00C04F79EFBC}") = "Inheritance", "Inheritance\Inheritance.csproj", "{C4EC9B18-C7CF-47D3-AD4C-E46D500EED79}"
EndProject
Global
	GlobalSection(SolutionConfigurationPlatforms) = preSolution
		Debug|Any CPU = Debug|Any CPU
		Release|Any CPU = Release|Any CPU
	EndGlobalSection
	GlobalSection(ProjectConfigurationPlatforms) = postSolution
		{C4EC9B18-C7CF-47D3-AD4C-E46D500EED79}.Debug|Any CPU.ActiveCfg = Debug|Any CPU
		{C4EC9B18-C7CF-47D3-AD4C-E46D500EED79}.Debug|Any CPU.Build.0 = Debug|Any CPU
		{C4EC9B18-C7CF-47D3-AD4C-E46D500EED79}.Release|Any CPU.ActiveCfg = Release|Any CPU
		{C4EC9B18-C7CF-47D3-AD4C-E46D500EED79}.Release|Any CPU.Build.0 = Release|Any CPU
	EndGlobalSection
	GlobalSection(SolutionProperties) = preSolution
		HideSolutionNode = FALSE
	EndGlobalSection
	GlobalSection(ExtensibilityGlobals) = postSolution
		SolutionGuid = {56629373-573E-40FD-8552-C9B7EEF7115F}
	EndGlobalSection
EndGlobal
