
Microsoft Visual Studio Solution File, Format Version 12.00
# Visual Studio Version 17
VisualStudioVersion = 17.2.32630.192
MinimumVisualStudioVersion = 10.0.40219.1
Project("{FAE04EC0-301F-11D3-BF4B-00C04F79EFBC}") = "Multi_Level_Inheritance", "Multi_Level_Inheritance\Multi_Level_Inheritance.csproj", "{F4754803-920C-47C9-B91F-90F56DBE2467}"
EndProject
Global
	GlobalSection(SolutionConfigurationPlatforms) = preSolution
		Debug|Any CPU = Debug|Any CPU
		Release|Any CPU = Release|Any CPU
	EndGlobalSection
	GlobalSection(ProjectConfigurationPlatforms) = postSolution
		{F4754803-920C-47C9-B91F-90F56DBE2467}.Debug|Any CPU.ActiveCfg = Debug|Any CPU
		{F4754803-920C-47C9-B91F-90F56DBE2467}.Debug|Any CPU.Build.0 = Debug|Any CPU
		{F4754803-920C-47C9-B91F-90F56DBE2467}.Release|Any CPU.ActiveCfg = Release|Any CPU
		{F4754803-920C-47C9-B91F-90F56DBE2467}.Release|Any CPU.Build.0 = Release|Any CPU
	EndGlobalSection
	GlobalSection(SolutionProperties) = preSolution
		HideSolutionNode = FALSE
	EndGlobalSection
	GlobalSection(ExtensibilityGlobals) = postSolution
		SolutionGuid = {6236C07C-CD5E-460E-979A-1F9A828F3EA4}
	EndGlobalSection
EndGlobal
